
Microsoft Visual Studio Solution File, Format Version 10.00
# Visual Studio 2008
Project("{FAE04EC0-301F-11D3-BF4B-00C04F79EFBC}") = "MGraInteractive", "MGraInteractive.csproj", "{146C7F74-6A46-4627-A69B-8262C7FBEC68}"
EndProject
Global
	GlobalSection(SolutionConfigurationPlatforms) = preSolution
		Debug|x86 = Debug|x86
		Release|x86 = Release|x86
	EndGlobalSection
	GlobalSection(ProjectConfigurationPlatforms) = postSolution
		{146C7F74-6A46-4627-A69B-8262C7FBEC68}.Debug|x86.ActiveCfg = Debug|x86
		{146C7F74-6A46-4627-A69B-8262C7FBEC68}.Debug|x86.Build.0 = Debug|x86
		{146C7F74-6A46-4627-A69B-8262C7FBEC68}.Release|x86.ActiveCfg = Release|x86
		{146C7F74-6A46-4627-A69B-8262C7FBEC68}.Release|x86.Build.0 = Release|x86
	EndGlobalSection
	GlobalSection(SolutionProperties) = preSolution
		HideSolutionNode = FALSE
	EndGlobalSection
EndGlobal
