
Microsoft Visual Studio Solution File, Format Version 12.00
# Visual Studio 2012
Project("{FAE04EC0-301F-11D3-BF4B-00C04F79EFBC}") = "MDispWindowLeveling", "MDispWindowLeveling.csproj", "{918D5658-CECD-4863-89BF-9D76A98E947F}"
EndProject
Global
	GlobalSection(SolutionConfigurationPlatforms) = preSolution
		Debug|x86 = Debug|x86
		Release|x86 = Release|x86
	EndGlobalSection
	GlobalSection(ProjectConfigurationPlatforms) = postSolution
		{918D5658-CECD-4863-89BF-9D76A98E947F}.Debug|x86.ActiveCfg = Debug|x86
		{918D5658-CECD-4863-89BF-9D76A98E947F}.Debug|x86.Build.0 = Debug|x86
		{918D5658-CECD-4863-89BF-9D76A98E947F}.Release|x86.ActiveCfg = Release|x86
		{918D5658-CECD-4863-89BF-9D76A98E947F}.Release|x86.Build.0 = Release|x86
	EndGlobalSection
	GlobalSection(SolutionProperties) = preSolution
		HideSolutionNode = FALSE
	EndGlobalSection
EndGlobal
