
Microsoft Visual Studio Solution File, Format Version 10.00
# Visual Studio 2008
Project("{FAE04EC0-301F-11D3-BF4B-00C04F79EFBC}") = "MSeqProcess", "MSeqProcess.csproj", "{294C665D-EE47-4690-BFF3-CC26FA90239E}"
EndProject
Global
	GlobalSection(SolutionConfigurationPlatforms) = preSolution
		Debug|x64 = Debug|x64
		Release|x64 = Release|x64
	EndGlobalSection
	GlobalSection(ProjectConfigurationPlatforms) = postSolution
		{294C665D-EE47-4690-BFF3-CC26FA90239E}.Debug|x64.ActiveCfg = Debug|x64
		{294C665D-EE47-4690-BFF3-CC26FA90239E}.Debug|x64.Build.0 = Debug|x64
		{294C665D-EE47-4690-BFF3-CC26FA90239E}.Release|x64.ActiveCfg = Release|x64
		{294C665D-EE47-4690-BFF3-CC26FA90239E}.Release|x64.Build.0 = Release|x64
	EndGlobalSection
	GlobalSection(SolutionProperties) = preSolution
		HideSolutionNode = FALSE
	EndGlobalSection
EndGlobal
