<?xml version="1.0" encoding="utf-8"?>
<Project ToolsVersion="4.0" xmlns="http://schemas.microsoft.com/developer/msbuild/2003">
  <ItemGroup>
    <Filter Include="Source Files">
      <UniqueIdentifier>{d941586a-21ac-4540-8990-681c81d9f635}</UniqueIdentifier>
      <Extensions>cpp;c;cxx;rc;def;r;odl;idl;hpj;bat</Extensions>
    </Filter>
    <Filter Include="Header Files">
      <UniqueIdentifier>{2b16fae3-53fa-4156-b55d-292ea62bcf1d}</UniqueIdentifier>
    </Filter>
  </ItemGroup>
  <ItemGroup>
    <ClCompile Include="..\AdaptiveThresholder.cpp">
      <Filter>Source Files</Filter>
    </ClCompile>
    <ClCompile Include="..\BlackFiducialFinder.cpp">
      <Filter>Source Files</Filter>
    </ClCompile>
    <ClCompile Include="..\FeatureFinder.cpp">
      <Filter>Source Files</Filter>
    </ClCompile>
    <ClCompile Include="..\PharmacodeReader.cpp">
      <Filter>Source Files</Filter>
    </ClCompile>
    <ClCompile Include="..\WhiteFiducialFinder.cpp">
      <Filter>Source Files</Filter>
    </ClCompile>
    <ClCompile Include="..\ObjectLocalization3d.cpp">
      <Filter>Source Files</Filter>
    </ClCompile>
  </ItemGroup>
  <ItemGroup>
    <ClInclude Include="..\AdaptiveThresholder.h">
      <Filter>Header Files</Filter>
    </ClInclude>
    <ClInclude Include="..\BlackFiducialFinder.h">
      <Filter>Header Files</Filter>
    </ClInclude>
    <ClInclude Include="..\common.h">
      <Filter>Header Files</Filter>
    </ClInclude>
    <ClInclude Include="..\FeatureFinder.h">
      <Filter>Header Files</Filter>
    </ClInclude>
    <ClInclude Include="..\PharmacodeReader.h">
      <Filter>Header Files</Filter>
    </ClInclude>
    <ClInclude Include="..\WhiteFiducialFinder.h">
      <Filter>Header Files</Filter>
    </ClInclude>
  </ItemGroup>
</Project>