
Microsoft Visual Studio Solution File, Format Version 12.00
# Visual Studio 2012
Project("{F184B08F-C81C-45F6-A57F-5ABD9991F28F}") = "MCol", "MCol.vbproj", "{E2934265-C2E8-43AF-BE01-C7ED3C9BB84E}"
EndProject
Global
	GlobalSection(SolutionConfigurationPlatforms) = preSolution
		Debug|x86 = Debug|x86
		Release|x86 = Release|x86
	EndGlobalSection
	GlobalSection(ProjectConfigurationPlatforms) = postSolution
		{E2934265-C2E8-43AF-BE01-C7ED3C9BB84E}.Debug|x86.ActiveCfg = Debug|x86
		{E2934265-C2E8-43AF-BE01-C7ED3C9BB84E}.Debug|x86.Build.0 = Debug|x86
		{E2934265-C2E8-43AF-BE01-C7ED3C9BB84E}.Release|x86.ActiveCfg = Release|x86
		{E2934265-C2E8-43AF-BE01-C7ED3C9BB84E}.Release|x86.Build.0 = Release|x86
	EndGlobalSection
	GlobalSection(SolutionProperties) = preSolution
		HideSolutionNode = FALSE
	EndGlobalSection
EndGlobal
