Microsoft Visual Studio Solution File, Format Version 12.00
# Visual Studio 2012
Project("{8BC9CEB8-8B4A-11D0-8D11-00A0C91BC942}") = "MOcr", "MOcr.vcxproj", "{49021D68-7A8C-417E-AE0E-4F48DF8019A8}"
EndProject
Global
	GlobalSection(SolutionConfigurationPlatforms) = preSolution
		Debug|Win32 = Debug|Win32
		Release|Win32 = Release|Win32
	EndGlobalSection
	GlobalSection(ProjectConfigurationPlatforms) = postSolution
		{49021D68-7A8C-417E-AE0E-4F48DF8019A8}.Debug|Win32.ActiveCfg = Debug|Win32
		{49021D68-7A8C-417E-AE0E-4F48DF8019A8}.Debug|Win32.Build.0 = Debug|Win32
		{49021D68-7A8C-417E-AE0E-4F48DF8019A8}.Release|Win32.ActiveCfg = Release|Win32
		{49021D68-7A8C-417E-AE0E-4F48DF8019A8}.Release|Win32.Build.0 = Release|Win32
	EndGlobalSection
	GlobalSection(SolutionProperties) = preSolution
		HideSolutionNode = FALSE
	EndGlobalSection
EndGlobal
