<?xml version="1.0" encoding="utf-8"?>
<Project ToolsVersion="4.0" xmlns="http://schemas.microsoft.com/developer/msbuild/2003">
  <ItemGroup>
    <Filter Include="Source Files">
      <UniqueIdentifier>{0bff9089-75ce-412c-92e5-afe2cffdc731}</UniqueIdentifier>
      <Extensions>cpp;c;cxx;rc;def;r;odl;idl;hpj;bat</Extensions>
    </Filter>
    <Filter Include="Header Files">
      <UniqueIdentifier>{bd9074b9-d7a5-4c8a-b9a0-3267d954ce43}</UniqueIdentifier>
    </Filter>
  </ItemGroup>
  <ItemGroup>
    <ClCompile Include="..\mil3dcam_pfocus.cpp">
      <Filter>Source Files</Filter>
    </ClCompile>
    <ClCompile Include="..\pfocus.cpp">
      <Filter>Source Files</Filter>
    </ClCompile>
    <ClCompile Include="..\pfocuscamera.cpp">
      <Filter>Source Files</Filter>
    </ClCompile>
  </ItemGroup>
  <ItemGroup>
    <ClInclude Include="..\cameraconfig.h">
      <Filter>Header Files</Filter>
    </ClInclude>
    <ClInclude Include="..\mil3dcam_pfocus.h">
      <Filter>Header Files</Filter>
    </ClInclude>
    <ClInclude Include="..\pfocuscamera.h">
      <Filter>Header Files</Filter>
    </ClInclude>
  </ItemGroup>
</Project>