Microsoft Visual Studio Solution File, Format Version 12.00
# Visual Studio 2012
Project("{8BC9CEB8-8B4A-11D0-8D11-00A0C91BC942}") = "MImProcessing", "MImProcessing.vcxproj", "{AF27FD6D-D4AE-4D6C-B69A-782AFD70A3F1}"
EndProject
Global
	GlobalSection(SolutionConfigurationPlatforms) = preSolution
		Debug|Win32 = Debug|Win32
		Release|Win32 = Release|Win32
	EndGlobalSection
	GlobalSection(ProjectConfigurationPlatforms) = postSolution
		{AF27FD6D-D4AE-4D6C-B69A-782AFD70A3F1}.Debug|Win32.ActiveCfg = Debug|Win32
		{AF27FD6D-D4AE-4D6C-B69A-782AFD70A3F1}.Debug|Win32.Build.0 = Debug|Win32
		{AF27FD6D-D4AE-4D6C-B69A-782AFD70A3F1}.Release|Win32.ActiveCfg = Release|Win32
		{AF27FD6D-D4AE-4D6C-B69A-782AFD70A3F1}.Release|Win32.Build.0 = Release|Win32
	EndGlobalSection
	GlobalSection(SolutionProperties) = preSolution
		HideSolutionNode = FALSE
	EndGlobalSection
EndGlobal
