
Microsoft Visual Studio Solution File, Format Version 10.00
# Visual Studio 2008
Project("{FAE04EC0-301F-11D3-BF4B-00C04F79EFBC}") = "MBlob", "MBlob.csproj", "{DB9C7CF1-11DE-49F0-9DCF-F7FD145A6C99}"
EndProject
Global
	GlobalSection(SolutionConfigurationPlatforms) = preSolution
		Debug|x86 = Debug|x86
		Release|x86 = Release|x86
	EndGlobalSection
	GlobalSection(ProjectConfigurationPlatforms) = postSolution
		{DB9C7CF1-11DE-49F0-9DCF-F7FD145A6C99}.Debug|x86.ActiveCfg = Debug|x86
		{DB9C7CF1-11DE-49F0-9DCF-F7FD145A6C99}.Debug|x86.Build.0 = Debug|x86
		{DB9C7CF1-11DE-49F0-9DCF-F7FD145A6C99}.Release|x86.ActiveCfg = Release|x86
		{DB9C7CF1-11DE-49F0-9DCF-F7FD145A6C99}.Release|x86.Build.0 = Release|x86
	EndGlobalSection
	GlobalSection(SolutionProperties) = preSolution
		HideSolutionNode = FALSE
	EndGlobalSection
EndGlobal
