<?xml version="1.0" encoding="utf-8"?>
<Project ToolsVersion="4.0" xmlns="http://schemas.microsoft.com/developer/msbuild/2003">
  <ItemGroup>
    <Filter Include="Source Files">
      <UniqueIdentifier>{f7b030f4-fb7d-488b-a006-865b5f9b912a}</UniqueIdentifier>
      <Extensions>cpp;c;cxx;rc;def;r;odl;idl;hpj;bat</Extensions>
    </Filter>
    <Filter Include="Header Files">
      <UniqueIdentifier>{ce5f63a3-58a3-4b0e-8b55-1788eec9434c}</UniqueIdentifier>
    </Filter>
  </ItemGroup>
  <ItemGroup>
    <ClCompile Include="..\KinectCameraInterface.cpp">
      <Filter>Source Files</Filter>
    </ClCompile>
    <ClCompile Include="..\KinectCamera.cpp">
      <Filter>Source Files</Filter>
    </ClCompile>
    <ClCompile Include="..\KinectCameraStandalone.cpp">
      <Filter>Source Files</Filter>
    </ClCompile>
    <ClCompile Include="..\Kinect.cpp">
      <Filter>Source Files</Filter>
    </ClCompile>
    <ClCompile Include="..\BestPlaneFitter.cpp">
      <Filter>Source Files</Filter>
    </ClCompile>
    <ClCompile Include="..\McalTransformCoordinate3dListMP.cpp">
      <Filter>Source Files</Filter>
    </ClCompile>
    <ClCompile Include="..\DepthDataMgr.cpp">
      <Filter>Source Files</Filter>
    </ClCompile>
  </ItemGroup>
  <ItemGroup>
    <ClInclude Include="..\KinectCameraInterface.h">
      <Filter>Header Files</Filter>
    </ClInclude>
    <ClInclude Include="..\KinectCamera.h">
      <Filter>Header Files</Filter>
    </ClInclude>
    <ClInclude Include="..\KinectCameraStandalone.h">
      <Filter>Header Files</Filter>
    </ClInclude>
    <ClInclude Include="..\BestPlaneFitter.h">
      <Filter>Header Files</Filter>
    </ClInclude>
    <ClInclude Include="..\McalTransformCoordinate3dListMP.h">
      <Filter>Header Files</Filter>
    </ClInclude>
    <ClInclude Include="..\DepthDataMgr.h">
      <Filter>Header Files</Filter>
    </ClInclude>
  </ItemGroup>
</Project>