
Microsoft Visual Studio Solution File, Format Version 10.00
# Visual Studio 2008
Project("{F184B08F-C81C-45F6-A57F-5ABD9991F28F}") = "MBead", "MBead.vbproj", "{F478F5D8-AB77-4FF5-933A-1E4C43DE0642}"
EndProject
Global
	GlobalSection(SolutionConfigurationPlatforms) = preSolution
		Debug|x86 = Debug|x86
		Release|x86 = Release|x86
	EndGlobalSection
	GlobalSection(ProjectConfigurationPlatforms) = postSolution
		{F478F5D8-AB77-4FF5-933A-1E4C43DE0642}.Debug|x86.ActiveCfg = Debug|x86
		{F478F5D8-AB77-4FF5-933A-1E4C43DE0642}.Debug|x86.Build.0 = Debug|x86
		{F478F5D8-AB77-4FF5-933A-1E4C43DE0642}.Release|x86.ActiveCfg = Release|x86
		{F478F5D8-AB77-4FF5-933A-1E4C43DE0642}.Release|x86.Build.0 = Release|x86
	EndGlobalSection
	GlobalSection(SolutionProperties) = preSolution
		HideSolutionNode = FALSE
	EndGlobalSection
EndGlobal
