Microsoft Visual Studio Solution File, Format Version 10.00
# Visual Studio 2008
Project("{8BC9CEB8-8B4A-11D0-8D11-00A0C91BC942}") = "MCal", "MCal.vcproj", "{387692DE-B8DD-4E9B-8262-F78966FA6A60}"
EndProject
Global
	GlobalSection(SolutionConfigurationPlatforms) = preSolution
		Debug|Win32 = Debug|Win32
		Release|Win32 = Release|Win32
	EndGlobalSection
	GlobalSection(ProjectConfigurationPlatforms) = postSolution
		{387692DE-B8DD-4E9B-8262-F78966FA6A60}.Debug|Win32.ActiveCfg = Debug|Win32
		{387692DE-B8DD-4E9B-8262-F78966FA6A60}.Debug|Win32.Build.0 = Debug|Win32
		{387692DE-B8DD-4E9B-8262-F78966FA6A60}.Release|Win32.ActiveCfg = Release|Win32
		{387692DE-B8DD-4E9B-8262-F78966FA6A60}.Release|Win32.Build.0 = Release|Win32
	EndGlobalSection
	GlobalSection(SolutionProperties) = preSolution
		HideSolutionNode = FALSE
	EndGlobalSection
EndGlobal
