<?xml version="1.0" encoding="utf-8"?>
<Project ToolsVersion="4.0" xmlns="http://schemas.microsoft.com/developer/msbuild/2003">
  <ItemGroup>
    <Filter Include="Source Files">
      <UniqueIdentifier>{d3d61b5a-123b-4fe5-9af5-cbc8ec621b11}</UniqueIdentifier>
      <Extensions>cpp;c;cxx;rc;def;r;odl;idl;hpj;bat</Extensions>
    </Filter>
    <Filter Include="Header Files">
      <UniqueIdentifier>{a12f1cc3-f173-4099-a7f8-41c777b22ab1}</UniqueIdentifier>
    </Filter>
  </ItemGroup>
  <ItemGroup>
    <ClCompile Include="..\mil3dcam_sickrangere.cpp">
      <Filter>Source Files</Filter>
    </ClCompile>
    <ClCompile Include="..\sickcamera_rangere.cpp">
      <Filter>Source Files</Filter>
    </ClCompile>
    <ClCompile Include="..\SICKrangerE.cpp">
      <Filter>Source Files</Filter>
    </ClCompile>
  </ItemGroup>
  <ItemGroup>
    <ClInclude Include="..\cameraconfig.h">
      <Filter>Header Files</Filter>
    </ClInclude>
    <ClInclude Include="..\mil3dcam_sickrangere.h">
      <Filter>Header Files</Filter>
    </ClInclude>
    <ClInclude Include="..\sickcamera_rangere.h">
      <Filter>Header Files</Filter>
    </ClInclude>
  </ItemGroup>
</Project>