Microsoft Visual Studio Solution File, Format Version 10.00
# Visual Studio 2008
Project("{8BC9CEB8-8B4A-11D0-8D11-00A0C91BC942}") = "MBead", "MBead.vcproj", "{37A43081-4387-4D5C-8651-33757304433D}"
EndProject
Global
	GlobalSection(SolutionConfigurationPlatforms) = preSolution
		Debug|Win32 = Debug|Win32
		Release|Win32 = Release|Win32
	EndGlobalSection
	GlobalSection(ProjectConfigurationPlatforms) = postSolution
		{37A43081-4387-4D5C-8651-33757304433D}.Debug|Win32.ActiveCfg = Debug|Win32
		{37A43081-4387-4D5C-8651-33757304433D}.Debug|Win32.Build.0 = Debug|Win32
		{37A43081-4387-4D5C-8651-33757304433D}.Release|Win32.ActiveCfg = Release|Win32
		{37A43081-4387-4D5C-8651-33757304433D}.Release|Win32.Build.0 = Release|Win32
	EndGlobalSection
	GlobalSection(SolutionProperties) = preSolution
		HideSolutionNode = FALSE
	EndGlobalSection
EndGlobal
