
Microsoft Visual Studio Solution File, Format Version 12.00
# Visual Studio 2012
Project("{F184B08F-C81C-45F6-A57F-5ABD9991F28F}") = "MCol", "MCol.vbproj", "{E2934265-C2E8-43AF-BE01-C7ED3C9BB84E}"
EndProject
Global
	GlobalSection(SolutionConfigurationPlatforms) = preSolution
		Debug|x64 = Debug|x64
		Release|x64 = Release|x64
	EndGlobalSection
	GlobalSection(ProjectConfigurationPlatforms) = postSolution
		{E2934265-C2E8-43AF-BE01-C7ED3C9BB84E}.Debug|x64.ActiveCfg = Debug|x64
		{E2934265-C2E8-43AF-BE01-C7ED3C9BB84E}.Debug|x64.Build.0 = Debug|x64
		{E2934265-C2E8-43AF-BE01-C7ED3C9BB84E}.Release|x64.ActiveCfg = Release|x64
		{E2934265-C2E8-43AF-BE01-C7ED3C9BB84E}.Release|x64.Build.0 = Release|x64
	EndGlobalSection
	GlobalSection(SolutionProperties) = preSolution
		HideSolutionNode = FALSE
	EndGlobalSection
EndGlobal
