
Microsoft Visual Studio Solution File, Format Version 12.00
# Visual Studio 2012
Project("{FAE04EC0-301F-11D3-BF4B-00C04F79EFBC}") = "MMod", "MMod.csproj", "{8C080DE9-9396-4DE1-8B3C-CC8FDE9E54D4}"
EndProject
Global
	GlobalSection(SolutionConfigurationPlatforms) = preSolution
		Debug|x64 = Debug|x64
		Release|x64 = Release|x64
	EndGlobalSection
	GlobalSection(ProjectConfigurationPlatforms) = postSolution
		{8C080DE9-9396-4DE1-8B3C-CC8FDE9E54D4}.Debug|x64.ActiveCfg = Debug|x64
		{8C080DE9-9396-4DE1-8B3C-CC8FDE9E54D4}.Debug|x64.Build.0 = Debug|x64
		{8C080DE9-9396-4DE1-8B3C-CC8FDE9E54D4}.Release|x64.ActiveCfg = Release|x64
		{8C080DE9-9396-4DE1-8B3C-CC8FDE9E54D4}.Release|x64.Build.0 = Release|x64
	EndGlobalSection
	GlobalSection(SolutionProperties) = preSolution
		HideSolutionNode = FALSE
	EndGlobalSection
EndGlobal
