<?xml version="1.0" encoding="utf-8"?>
<Project ToolsVersion="4.0" xmlns="http://schemas.microsoft.com/developer/msbuild/2003">
  <ItemGroup>
    <Filter Include="Source Files">
      <UniqueIdentifier>{63724f46-0d77-48e2-af16-c0646b478c70}</UniqueIdentifier>
      <Extensions>cpp;c;cxx;rc;def;r;odl;idl;hpj;bat</Extensions>
    </Filter>
    <Filter Include="Header Files">
      <UniqueIdentifier>{fed0ebf6-c42a-4767-abe8-e09ec7ad2038}</UniqueIdentifier>
    </Filter>
  </ItemGroup>
  <ItemGroup>
    <ClCompile Include="..\CameraLaserCalibration.cpp">
      <Filter>Source Files</Filter>
    </ClCompile>
    <ClCompile Include="..\exampleinterface.cpp">
      <Filter>Source Files</Filter>
    </ClCompile>
    <ClCompile Include="..\interactiveexample.cpp">
      <Filter>Source Files</Filter>
    </ClCompile>
    <ClCompile Include="..\standaloneexample.cpp">
      <Filter>Source Files</Filter>
    </ClCompile>
  </ItemGroup>
  <ItemGroup>
    <ClInclude Include="..\exampleinterface.h">
      <Filter>Header Files</Filter>
    </ClInclude>
    <ClInclude Include="..\interactiveexample.h">
      <Filter>Header Files</Filter>
    </ClInclude>
    <ClInclude Include="..\standaloneexample.h">
      <Filter>Header Files</Filter>
    </ClInclude>
  </ItemGroup>
</Project>