
Microsoft Visual Studio Solution File, Format Version 12.00
# Visual Studio 2012
Project("{FAE04EC0-301F-11D3-BF4B-00C04F79EFBC}") = "MMet", "MMet.csproj", "{F8BBCEC3-6061-4269-9F20-A0C2DB8AA44A}"
EndProject
Global
	GlobalSection(SolutionConfigurationPlatforms) = preSolution
		Debug|x64 = Debug|x64
		Release|x64 = Release|x64
	EndGlobalSection
	GlobalSection(ProjectConfigurationPlatforms) = postSolution
		{F8BBCEC3-6061-4269-9F20-A0C2DB8AA44A}.Debug|x64.ActiveCfg = Debug|x64
		{F8BBCEC3-6061-4269-9F20-A0C2DB8AA44A}.Debug|x64.Build.0 = Debug|x64
		{F8BBCEC3-6061-4269-9F20-A0C2DB8AA44A}.Release|x64.ActiveCfg = Release|x64
		{F8BBCEC3-6061-4269-9F20-A0C2DB8AA44A}.Release|x64.Build.0 = Release|x64
	EndGlobalSection
	GlobalSection(SolutionProperties) = preSolution
		HideSolutionNode = FALSE
	EndGlobalSection
EndGlobal
