
Microsoft Visual Studio Solution File, Format Version 10.00
# Visual Studio 2008
Project("{F184B08F-C81C-45F6-A57F-5ABD9991F28F}") = "MGraInteractive", "MGraInteractive.vbproj", "{1E40B509-CDB4-4284-A54D-EDD8BA4AFA88}"
EndProject
Global
	GlobalSection(SolutionConfigurationPlatforms) = preSolution
		Debug|x86 = Debug|x86
		Release|x86 = Release|x86
	EndGlobalSection
	GlobalSection(ProjectConfigurationPlatforms) = postSolution
		{1E40B509-CDB4-4284-A54D-EDD8BA4AFA88}.Debug|x86.ActiveCfg = Debug|x86
		{1E40B509-CDB4-4284-A54D-EDD8BA4AFA88}.Debug|x86.Build.0 = Debug|x86
		{1E40B509-CDB4-4284-A54D-EDD8BA4AFA88}.Release|x86.ActiveCfg = Release|x86
		{1E40B509-CDB4-4284-A54D-EDD8BA4AFA88}.Release|x86.Build.0 = Release|x86
	EndGlobalSection
	GlobalSection(SolutionProperties) = preSolution
		HideSolutionNode = FALSE
	EndGlobalSection
EndGlobal
