
Microsoft Visual Studio Solution File, Format Version 12.00
# Visual Studio 2012
Project("{FAE04EC0-301F-11D3-BF4B-00C04F79EFBC}") = "MEdge", "MEdge.csproj", "{05A09A25-915B-4DA8-BDB5-D464CF065229}"
EndProject
Global
	GlobalSection(SolutionConfigurationPlatforms) = preSolution
		Debug|x86 = Debug|x86
		Release|x86 = Release|x86
	EndGlobalSection
	GlobalSection(ProjectConfigurationPlatforms) = postSolution
		{05A09A25-915B-4DA8-BDB5-D464CF065229}.Debug|x86.ActiveCfg = Debug|x86
		{05A09A25-915B-4DA8-BDB5-D464CF065229}.Debug|x86.Build.0 = Debug|x86
		{05A09A25-915B-4DA8-BDB5-D464CF065229}.Release|x86.ActiveCfg = Release|x86
		{05A09A25-915B-4DA8-BDB5-D464CF065229}.Release|x86.Build.0 = Release|x86
	EndGlobalSection
	GlobalSection(SolutionProperties) = preSolution
		HideSolutionNode = FALSE
	EndGlobalSection
EndGlobal
