
Microsoft Visual Studio Solution File, Format Version 12.00
# Visual Studio 2012
Project("{F184B08F-C81C-45F6-A57F-5ABD9991F28F}") = "MGraInteractive", "MGraInteractive.vbproj", "{D65B1FCF-DE4D-45f4-BEB6-450D0E7C587D}"
EndProject
Global
	GlobalSection(SolutionConfigurationPlatforms) = preSolution
		Debug|x86 = Debug|x86
		Release|x86 = Release|x86
	EndGlobalSection
	GlobalSection(ProjectConfigurationPlatforms) = postSolution
		{D65B1FCF-DE4D-45f4-BEB6-450D0E7C587D}.Debug|x86.ActiveCfg = Debug|x86
		{D65B1FCF-DE4D-45f4-BEB6-450D0E7C587D}.Debug|x86.Build.0 = Debug|x86
		{D65B1FCF-DE4D-45f4-BEB6-450D0E7C587D}.Release|x86.ActiveCfg = Release|x86
		{D65B1FCF-DE4D-45f4-BEB6-450D0E7C587D}.Release|x86.Build.0 = Release|x86
	EndGlobalSection
	GlobalSection(SolutionProperties) = preSolution
		HideSolutionNode = FALSE
	EndGlobalSection
EndGlobal
