
Microsoft Visual Studio Solution File, Format Version 12.00
# Visual Studio 2012
Project("{F184B08F-C81C-45F6-A57F-5ABD9991F28F}") = "MImDeinterlace", "MImDeinterlace.vbproj", "{92AA9F1E-E8A2-4C81-8E01-ED814D47221A}"
EndProject
Global
	GlobalSection(SolutionConfigurationPlatforms) = preSolution
		Debug|x64 = Debug|x64
		Release|x64 = Release|x64
	EndGlobalSection
	GlobalSection(ProjectConfigurationPlatforms) = postSolution
		{92AA9F1E-E8A2-4C81-8E01-ED814D47221A}.Debug|x64.ActiveCfg = Debug|x64
		{92AA9F1E-E8A2-4C81-8E01-ED814D47221A}.Debug|x64.Build.0 = Debug|x64
		{92AA9F1E-E8A2-4C81-8E01-ED814D47221A}.Release|x64.ActiveCfg = Release|x64
		{92AA9F1E-E8A2-4C81-8E01-ED814D47221A}.Release|x64.Build.0 = Release|x64
	EndGlobalSection
	GlobalSection(SolutionProperties) = preSolution
		HideSolutionNode = FALSE
	EndGlobalSection
EndGlobal
