<?xml version="1.0" encoding="utf-8"?>
<Project ToolsVersion="4.0" xmlns="http://schemas.microsoft.com/developer/msbuild/2003">
  <ItemGroup>
    <Filter Include="Source Files">
      <UniqueIdentifier>{a02def65-1e3e-40c4-aedd-38ff3b3b47d5}</UniqueIdentifier>
      <Extensions>cpp;c;cxx;rc;def;r;odl;hpj;bat;for;f90</Extensions>
    </Filter>
    <Filter Include="Resource Files">
      <UniqueIdentifier>{53ca82a8-65fe-4bf1-ad57-25ff5996b85a}</UniqueIdentifier>
      <Extensions>ico;cur;bmp;dlg;rc2;rct;bin;cnt;rtf;gif;jpg;jpeg;jpe</Extensions>
    </Filter>
  </ItemGroup>
  <ItemGroup>
    <ClCompile Include="..\ChildFrm.cpp">
      <Filter>Source Files</Filter>
    </ClCompile>
    <ClCompile Include="..\MainFrm.cpp">
      <Filter>Source Files</Filter>
    </ClCompile>
    <ClCompile Include="..\MdispMFC.cpp">
      <Filter>Source Files</Filter>
    </ClCompile>
    <ClCompile Include="..\MdispMFCDoc.cpp">
      <Filter>Source Files</Filter>
    </ClCompile>
    <ClCompile Include="..\MdispMFCView.cpp">
      <Filter>Source Files</Filter>
    </ClCompile>
  </ItemGroup>
  <ItemGroup>
    <ResourceCompile Include="..\MdispMFC.rc">
      <Filter>Source Files</Filter>
    </ResourceCompile>
  </ItemGroup>
  <ItemGroup>
    <None Include="..\res\about.bmp">
      <Filter>Resource Files</Filter>
    </None>
    <None Include="..\res\imaging.ico">
      <Filter>Resource Files</Filter>
    </None>
    <None Include="..\res\MdispMFC.ico">
      <Filter>Resource Files</Filter>
    </None>
    <None Include="..\res\MdispMFC.rc2">
      <Filter>Resource Files</Filter>
    </None>
    <None Include="..\res\MdispMFCDoc.ico">
      <Filter>Resource Files</Filter>
    </None>
    <None Include="..\res\Toolbar.bmp">
      <Filter>Resource Files</Filter>
    </None>
  </ItemGroup>
</Project>