Microsoft Visual Studio Solution File, Format Version 10.00
# Visual Studio 2008
Project("{8BC9CEB8-8B4A-11D0-8D11-00A0C91BC942}") = "MImWarp", "MImWarp.vcproj", "{50714D4B-C376-4A69-B24F-F0034CF5D3FD}"
EndProject
Global
	GlobalSection(SolutionConfigurationPlatforms) = preSolution
		Debug|x64 = Debug|x64
		Release|x64 = Release|x64
	EndGlobalSection
	GlobalSection(ProjectConfigurationPlatforms) = postSolution
		{50714D4B-C376-4A69-B24F-F0034CF5D3FD}.Debug|x64.ActiveCfg = Debug|x64
		{50714D4B-C376-4A69-B24F-F0034CF5D3FD}.Debug|x64.Build.0 = Debug|x64
		{50714D4B-C376-4A69-B24F-F0034CF5D3FD}.Release|x64.ActiveCfg = Release|x64
		{50714D4B-C376-4A69-B24F-F0034CF5D3FD}.Release|x64.Build.0 = Release|x64
	EndGlobalSection
	GlobalSection(SolutionProperties) = preSolution
		HideSolutionNode = FALSE
	EndGlobalSection
EndGlobal
