
Microsoft Visual Studio Solution File, Format Version 11.00
# Visual Studio 2010
Project("{FAE04EC0-301F-11D3-BF4B-00C04F79EFBC}") = "MEdge", "MEdge.csproj", "{05A09A25-915B-4DA8-BDB5-D464CF065229}"
EndProject
Global
	GlobalSection(SolutionConfigurationPlatforms) = preSolution
		Debug|x64 = Debug|x64
		Release|x64 = Release|x64
	EndGlobalSection
	GlobalSection(ProjectConfigurationPlatforms) = postSolution
		{05A09A25-915B-4DA8-BDB5-D464CF065229}.Debug|x64.ActiveCfg = Debug|x64
		{05A09A25-915B-4DA8-BDB5-D464CF065229}.Debug|x64.Build.0 = Debug|x64
		{05A09A25-915B-4DA8-BDB5-D464CF065229}.Release|x64.ActiveCfg = Release|x64
		{05A09A25-915B-4DA8-BDB5-D464CF065229}.Release|x64.Build.0 = Release|x64
	EndGlobalSection
	GlobalSection(SolutionProperties) = preSolution
		HideSolutionNode = FALSE
	EndGlobalSection
EndGlobal
