<?xml version="1.0" encoding="utf-8"?>
<Project ToolsVersion="4.0" xmlns="http://schemas.microsoft.com/developer/msbuild/2003">
  <ItemGroup>
    <Filter Include="Source Files">
      <UniqueIdentifier>{04801667-ffdb-4214-9f1c-aedaa4341797}</UniqueIdentifier>
      <Extensions>cpp;c;cxx;rc;def;r;odl;idl;hpj;bat</Extensions>
    </Filter>
    <Filter Include="Header Files">
      <UniqueIdentifier>{7ae927b2-ed85-4963-97b7-5278b4749f68}</UniqueIdentifier>
    </Filter>
  </ItemGroup>
  <ItemGroup>
    <ClCompile Include="..\defectdetectionexample.cpp">
      <Filter>Source Files</Filter>
    </ClCompile>
    <ClCompile Include="..\defectdetectionprocfunc.cpp">
      <Filter>Source Files</Filter>
    </ClCompile>
    <ClCompile Include="..\SimpleDefectDetection.cpp">
      <Filter>Source Files</Filter>
    </ClCompile>
  </ItemGroup>
  <ItemGroup>
    <ClInclude Include="..\defectdetectionexample.h">
      <Filter>Header Files</Filter>
    </ClInclude>
    <ClInclude Include="..\defectdetectionprocfunc.h">
      <Filter>Header Files</Filter>
    </ClInclude>
  </ItemGroup>
</Project>